// !$*UTF8*$!
{
	archiveVersion = 1;
	classes = {
	};
	objectVersion = 55;
	objects = {

/* Begin PBXBuildFile section */
		42119DD2284F8D2D00D361F7 /* NewsViewModel.swift in Sources */ = {isa = PBXBuildFile; fileRef = 42119DD1284F8D2D00D361F7 /* NewsViewModel.swift */; };
		42119DD428509EE400D361F7 /* NewsTabView.swift in Sources */ = {isa = PBXBuildFile; fileRef = 42119DD328509EE400D361F7 /* NewsTabView.swift */; };
		42119DD72850CBE200D361F7 /* SwiftyJSON in Frameworks */ = {isa = PBXBuildFile; productRef = 42119DD62850CBE200D361F7 /* SwiftyJSON */; };
		42119DD92850DAF800D361F7 /* EmptyListView.swift in Sources */ = {isa = PBXBuildFile; fileRef = 42119DD82850DAF800D361F7 /* EmptyListView.swift */; };
		42119DDB2852465E00D361F7 /* RetryView.swift in Sources */ = {isa = PBXBuildFile; fileRef = 42119DDA2852465E00D361F7 /* RetryView.swift */; };
		42743E92284BCCCB000D17B2 /* ArticleListView.swift in Sources */ = {isa = PBXBuildFile; fileRef = 42743E91284BCCCB000D17B2 /* ArticleListView.swift */; };
		42743E95284C5922000D17B2 /* SafariView.swift in Sources */ = {isa = PBXBuildFile; fileRef = 42743E94284C5922000D17B2 /* SafariView.swift */; };
		42743E97284C5F21000D17B2 /* View+methods.swift in Sources */ = {isa = PBXBuildFile; fileRef = 42743E96284C5F21000D17B2 /* View+methods.swift */; };
		42743E9A284CF785000D17B2 /* NetworkService.swift in Sources */ = {isa = PBXBuildFile; fileRef = 42743E99284CF784000D17B2 /* NetworkService.swift */; };
		42743E9C284CF90B000D17B2 /* NewsError.swift in Sources */ = {isa = PBXBuildFile; fileRef = 42743E9B284CF90B000D17B2 /* NewsError.swift */; };
		42743E9E284CF9CD000D17B2 /* Category.swift in Sources */ = {isa = PBXBuildFile; fileRef = 42743E9D284CF9CD000D17B2 /* Category.swift */; };
		42743EA0284CFE54000D17B2 /* ApiMethod.swift in Sources */ = {isa = PBXBuildFile; fileRef = 42743E9F284CFE54000D17B2 /* ApiMethod.swift */; };
		4283F86E28465A6E0093DD80 /* Article.swift in Sources */ = {isa = PBXBuildFile; fileRef = 4283F86D28465A6E0093DD80 /* Article.swift */; };
		4283F871284767DC0093DD80 /* ArticleRowView.swift in Sources */ = {isa = PBXBuildFile; fileRef = 4283F870284767DC0093DD80 /* ArticleRowView.swift */; };
		42943C17285BA3E1008C4AAC /* BookmarksViewModel.swift in Sources */ = {isa = PBXBuildFile; fileRef = 42943C16285BA3E1008C4AAC /* BookmarksViewModel.swift */; };
		42943C1A2860619C008C4AAC /* BookmarksTabView.swift in Sources */ = {isa = PBXBuildFile; fileRef = 42943C192860619C008C4AAC /* BookmarksTabView.swift */; };
		42E3BE4128476CE20018A9AE /* Array.swift in Sources */ = {isa = PBXBuildFile; fileRef = 42E3BE4028476CE20018A9AE /* Array.swift */; };
		42E3BE4328476CF70018A9AE /* PrintExtensions.swift in Sources */ = {isa = PBXBuildFile; fileRef = 42E3BE4228476CF70018A9AE /* PrintExtensions.swift */; };
		42E3BE472847759D0018A9AE /* GetNewsStub.json in Resources */ = {isa = PBXBuildFile; fileRef = 42E3BE46284772250018A9AE /* GetNewsStub.json */; };
		42F0BAC42846490F004BAE4E /* XCANewsApp.swift in Sources */ = {isa = PBXBuildFile; fileRef = 42F0BAC32846490F004BAE4E /* XCANewsApp.swift */; };
		42F0BAC62846490F004BAE4E /* ContentView.swift in Sources */ = {isa = PBXBuildFile; fileRef = 42F0BAC52846490F004BAE4E /* ContentView.swift */; };
		42F0BAC828464911004BAE4E /* Assets.xcassets in Resources */ = {isa = PBXBuildFile; fileRef = 42F0BAC728464911004BAE4E /* Assets.xcassets */; };
		42F0BACB28464911004BAE4E /* Preview Assets.xcassets in Resources */ = {isa = PBXBuildFile; fileRef = 42F0BACA28464911004BAE4E /* Preview Assets.xcassets */; };
/* End PBXBuildFile section */

/* Begin PBXFileReference section */
		42119DD1284F8D2D00D361F7 /* NewsViewModel.swift */ = {isa = PBXFileReference; lastKnownFileType = sourcecode.swift; path = NewsViewModel.swift; sourceTree = "<group>"; };
		42119DD328509EE400D361F7 /* NewsTabView.swift */ = {isa = PBXFileReference; lastKnownFileType = sourcecode.swift; path = NewsTabView.swift; sourceTree = "<group>"; };
		42119DD82850DAF800D361F7 /* EmptyListView.swift */ = {isa = PBXFileReference; lastKnownFileType = sourcecode.swift; path = EmptyListView.swift; sourceTree = "<group>"; };
		42119DDA2852465E00D361F7 /* RetryView.swift */ = {isa = PBXFileReference; lastKnownFileType = sourcecode.swift; path = RetryView.swift; sourceTree = "<group>"; };
		42743E91284BCCCB000D17B2 /* ArticleListView.swift */ = {isa = PBXFileReference; lastKnownFileType = sourcecode.swift; path = ArticleListView.swift; sourceTree = "<group>"; };
		42743E94284C5922000D17B2 /* SafariView.swift */ = {isa = PBXFileReference; lastKnownFileType = sourcecode.swift; path = SafariView.swift; sourceTree = "<group>"; };
		42743E96284C5F21000D17B2 /* View+methods.swift */ = {isa = PBXFileReference; lastKnownFileType = sourcecode.swift; path = "View+methods.swift"; sourceTree = "<group>"; };
		42743E99284CF784000D17B2 /* NetworkService.swift */ = {isa = PBXFileReference; lastKnownFileType = sourcecode.swift; path = NetworkService.swift; sourceTree = "<group>"; };
		42743E9B284CF90B000D17B2 /* NewsError.swift */ = {isa = PBXFileReference; lastKnownFileType = sourcecode.swift; path = NewsError.swift; sourceTree = "<group>"; };
		42743E9D284CF9CD000D17B2 /* Category.swift */ = {isa = PBXFileReference; lastKnownFileType = sourcecode.swift; path = Category.swift; sourceTree = "<group>"; };
		42743E9F284CFE54000D17B2 /* ApiMethod.swift */ = {isa = PBXFileReference; lastKnownFileType = sourcecode.swift; path = ApiMethod.swift; sourceTree = "<group>"; };
		4283F86D28465A6E0093DD80 /* Article.swift */ = {isa = PBXFileReference; lastKnownFileType = sourcecode.swift; path = Article.swift; sourceTree = "<group>"; };
		4283F870284767DC0093DD80 /* ArticleRowView.swift */ = {isa = PBXFileReference; lastKnownFileType = sourcecode.swift; path = ArticleRowView.swift; sourceTree = "<group>"; };
		42943C16285BA3E1008C4AAC /* BookmarksViewModel.swift */ = {isa = PBXFileReference; lastKnownFileType = sourcecode.swift; path = BookmarksViewModel.swift; sourceTree = "<group>"; };
		42943C192860619C008C4AAC /* BookmarksTabView.swift */ = {isa = PBXFileReference; lastKnownFileType = sourcecode.swift; path = BookmarksTabView.swift; sourceTree = "<group>"; };
		42E3BE4028476CE20018A9AE /* Array.swift */ = {isa = PBXFileReference; fileEncoding = 4; lastKnownFileType = sourcecode.swift; path = Array.swift; sourceTree = "<group>"; };
		42E3BE4228476CF70018A9AE /* PrintExtensions.swift */ = {isa = PBXFileReference; fileEncoding = 4; lastKnownFileType = sourcecode.swift; path = PrintExtensions.swift; sourceTree = "<group>"; };
		42E3BE46284772250018A9AE /* GetNewsStub.json */ = {isa = PBXFileReference; lastKnownFileType = text.json; path = GetNewsStub.json; sourceTree = "<group>"; };
		42F0BAC02846490F004BAE4E /* XCANews.app */ = {isa = PBXFileReference; explicitFileType = wrapper.application; includeInIndex = 0; path = XCANews.app; sourceTree = BUILT_PRODUCTS_DIR; };
		42F0BAC32846490F004BAE4E /* XCANewsApp.swift */ = {isa = PBXFileReference; lastKnownFileType = sourcecode.swift; path = XCANewsApp.swift; sourceTree = "<group>"; };
		42F0BAC52846490F004BAE4E /* ContentView.swift */ = {isa = PBXFileReference; lastKnownFileType = sourcecode.swift; path = ContentView.swift; sourceTree = "<group>"; };
		42F0BAC728464911004BAE4E /* Assets.xcassets */ = {isa = PBXFileReference; lastKnownFileType = folder.assetcatalog; path = Assets.xcassets; sourceTree = "<group>"; };
		42F0BACA28464911004BAE4E /* Preview Assets.xcassets */ = {isa = PBXFileReference; lastKnownFileType = folder.assetcatalog; path = "Preview Assets.xcassets"; sourceTree = "<group>"; };
/* End PBXFileReference section */

/* Begin PBXFrameworksBuildPhase section */
		42F0BABD2846490F004BAE4E /* Frameworks */ = {
			isa = PBXFrameworksBuildPhase;
			buildActionMask = 2147483647;
			files = (
				42119DD72850CBE200D361F7 /* SwiftyJSON in Frameworks */,
			);
			runOnlyForDeploymentPostprocessing = 0;
		};
/* End PBXFrameworksBuildPhase section */

/* Begin PBXGroup section */
		42119DD0284F8D0200D361F7 /* ViewModels */ = {
			isa = PBXGroup;
			children = (
				42119DD1284F8D2D00D361F7 /* NewsViewModel.swift */,
				42943C16285BA3E1008C4AAC /* BookmarksViewModel.swift */,
			);
			path = ViewModels;
			sourceTree = "<group>";
		};
		4253E99D28476C690056D1E4 /* Extensions */ = {
			isa = PBXGroup;
			children = (
				42E3BE4028476CE20018A9AE /* Array.swift */,
				42E3BE4228476CF70018A9AE /* PrintExtensions.swift */,
				42743E96284C5F21000D17B2 /* View+methods.swift */,
			);
			path = Extensions;
			sourceTree = "<group>";
		};
		42743E93284C590B000D17B2 /* UIKitViews */ = {
			isa = PBXGroup;
			children = (
				42743E94284C5922000D17B2 /* SafariView.swift */,
			);
			path = UIKitViews;
			sourceTree = "<group>";
		};
		42743E98284CF739000D17B2 /* Services */ = {
			isa = PBXGroup;
			children = (
				42743E99284CF784000D17B2 /* NetworkService.swift */,
			);
			path = Services;
			sourceTree = "<group>";
		};
		4283F868284657FD0093DD80 /* Resources */ = {
			isa = PBXGroup;
			children = (
				4283F869284658140093DD80 /* Stubs */,
				42F0BAC728464911004BAE4E /* Assets.xcassets */,
			);
			path = Resources;
			sourceTree = "<group>";
		};
		4283F869284658140093DD80 /* Stubs */ = {
			isa = PBXGroup;
			children = (
				42E3BE46284772250018A9AE /* GetNewsStub.json */,
			);
			path = Stubs;
			sourceTree = "<group>";
		};
		4283F86B28465A570093DD80 /* Models */ = {
			isa = PBXGroup;
			children = (
				4283F86D28465A6E0093DD80 /* Article.swift */,
				42743E9D284CF9CD000D17B2 /* Category.swift */,
				42743E9B284CF90B000D17B2 /* NewsError.swift */,
				42743E9F284CFE54000D17B2 /* ApiMethod.swift */,
			);
			path = Models;
			sourceTree = "<group>";
		};
		4283F86F284767850093DD80 /* Views */ = {
			isa = PBXGroup;
			children = (
				42743E93284C590B000D17B2 /* UIKitViews */,
				42943C182860616D008C4AAC /* TabViews */,
				4283F870284767DC0093DD80 /* ArticleRowView.swift */,
				42743E91284BCCCB000D17B2 /* ArticleListView.swift */,
				42119DD82850DAF800D361F7 /* EmptyListView.swift */,
				42119DDA2852465E00D361F7 /* RetryView.swift */,
			);
			path = Views;
			sourceTree = "<group>";
		};
		42943C182860616D008C4AAC /* TabViews */ = {
			isa = PBXGroup;
			children = (
				42119DD328509EE400D361F7 /* NewsTabView.swift */,
				42943C192860619C008C4AAC /* BookmarksTabView.swift */,
			);
			path = TabViews;
			sourceTree = "<group>";
		};
		42F0BAB72846490F004BAE4E = {
			isa = PBXGroup;
			children = (
				42F0BAC22846490F004BAE4E /* XCANews */,
				42F0BAC12846490F004BAE4E /* Products */,
			);
			sourceTree = "<group>";
		};
		42F0BAC12846490F004BAE4E /* Products */ = {
			isa = PBXGroup;
			children = (
				42F0BAC02846490F004BAE4E /* XCANews.app */,
			);
			name = Products;
			sourceTree = "<group>";
		};
		42F0BAC22846490F004BAE4E /* XCANews */ = {
			isa = PBXGroup;
			children = (
				4253E99D28476C690056D1E4 /* Extensions */,
				42743E98284CF739000D17B2 /* Services */,
				4283F86B28465A570093DD80 /* Models */,
				4283F86F284767850093DD80 /* Views */,
				42119DD0284F8D0200D361F7 /* ViewModels */,
				42F0BAC32846490F004BAE4E /* XCANewsApp.swift */,
				42F0BAC52846490F004BAE4E /* ContentView.swift */,
				4283F868284657FD0093DD80 /* Resources */,
				42F0BAC928464911004BAE4E /* Preview Content */,
			);
			path = XCANews;
			sourceTree = "<group>";
		};
		42F0BAC928464911004BAE4E /* Preview Content */ = {
			isa = PBXGroup;
			children = (
				42F0BACA28464911004BAE4E /* Preview Assets.xcassets */,
			);
			path = "Preview Content";
			sourceTree = "<group>";
		};
/* End PBXGroup section */

/* Begin PBXNativeTarget section */
		42F0BABF2846490F004BAE4E /* XCANews */ = {
			isa = PBXNativeTarget;
			buildConfigurationList = 42F0BAD328464911004BAE4E /* Build configuration list for PBXNativeTarget "XCANews" */;
			buildPhases = (
				42F0BABC2846490F004BAE4E /* Sources */,
				42F0BABD2846490F004BAE4E /* Frameworks */,
				42F0BABE2846490F004BAE4E /* Resources */,
			);
			buildRules = (
			);
			dependencies = (
			);
			name = XCANews;
			packageProductDependencies = (
				42119DD62850CBE200D361F7 /* SwiftyJSON */,
			);
			productName = XCANews;
			productReference = 42F0BAC02846490F004BAE4E /* XCANews.app */;
			productType = "com.apple.product-type.application";
		};
/* End PBXNativeTarget section */

/* Begin PBXProject section */
		42F0BAB82846490F004BAE4E /* Project object */ = {
			isa = PBXProject;
			attributes = {
				BuildIndependentTargetsInParallel = 1;
				LastSwiftUpdateCheck = 1340;
				LastUpgradeCheck = 1340;
				TargetAttributes = {
					42F0BABF2846490F004BAE4E = {
						CreatedOnToolsVersion = 13.4;
					};
				};
			};
			buildConfigurationList = 42F0BABB2846490F004BAE4E /* Build configuration list for PBXProject "XCANews" */;
			compatibilityVersion = "Xcode 13.0";
			developmentRegion = en;
			hasScannedForEncodings = 0;
			knownRegions = (
				en,
				Base,
			);
			mainGroup = 42F0BAB72846490F004BAE4E;
			packageReferences = (
				42119DD52850CBE200D361F7 /* XCRemoteSwiftPackageReference "SwiftyJSON" */,
			);
			productRefGroup = 42F0BAC12846490F004BAE4E /* Products */;
			projectDirPath = "";
			projectRoot = "";
			targets = (
				42F0BABF2846490F004BAE4E /* XCANews */,
			);
		};
/* End PBXProject section */

/* Begin PBXResourcesBuildPhase section */
		42F0BABE2846490F004BAE4E /* Resources */ = {
			isa = PBXResourcesBuildPhase;
			buildActionMask = 2147483647;
			files = (
				42E3BE472847759D0018A9AE /* GetNewsStub.json in Resources */,
				42F0BACB28464911004BAE4E /* Preview Assets.xcassets in Resources */,
				42F0BAC828464911004BAE4E /* Assets.xcassets in Resources */,
			);
			runOnlyForDeploymentPostprocessing = 0;
		};
/* End PBXResourcesBuildPhase section */

/* Begin PBXSourcesBuildPhase section */
		42F0BABC2846490F004BAE4E /* Sources */ = {
			isa = PBXSourcesBuildPhase;
			buildActionMask = 2147483647;
			files = (
				42743E9A284CF785000D17B2 /* NetworkService.swift in Sources */,
				42743E9C284CF90B000D17B2 /* NewsError.swift in Sources */,
				42F0BAC62846490F004BAE4E /* ContentView.swift in Sources */,
				42119DD428509EE400D361F7 /* NewsTabView.swift in Sources */,
				42119DD92850DAF800D361F7 /* EmptyListView.swift in Sources */,
				42743E92284BCCCB000D17B2 /* ArticleListView.swift in Sources */,
				42743EA0284CFE54000D17B2 /* ApiMethod.swift in Sources */,
				42943C1A2860619C008C4AAC /* BookmarksTabView.swift in Sources */,
				42E3BE4128476CE20018A9AE /* Array.swift in Sources */,
				42F0BAC42846490F004BAE4E /* XCANewsApp.swift in Sources */,
				42743E95284C5922000D17B2 /* SafariView.swift in Sources */,
				42E3BE4328476CF70018A9AE /* PrintExtensions.swift in Sources */,
				42743E97284C5F21000D17B2 /* View+methods.swift in Sources */,
				4283F871284767DC0093DD80 /* ArticleRowView.swift in Sources */,
				42119DD2284F8D2D00D361F7 /* NewsViewModel.swift in Sources */,
				4283F86E28465A6E0093DD80 /* Article.swift in Sources */,
				42743E9E284CF9CD000D17B2 /* Category.swift in Sources */,
				42119DDB2852465E00D361F7 /* RetryView.swift in Sources */,
				42943C17285BA3E1008C4AAC /* BookmarksViewModel.swift in Sources */,
			);
			runOnlyForDeploymentPostprocessing = 0;
		};
/* End PBXSourcesBuildPhase section */

/* Begin XCBuildConfiguration section */
		42F0BAD128464911004BAE4E /* Debug */ = {
			isa = XCBuildConfiguration;
			buildSettings = {
				ALWAYS_SEARCH_USER_PATHS = NO;
				CLANG_ANALYZER_NONNULL = YES;
				CLANG_ANALYZER_NUMBER_OBJECT_CONVERSION = YES_AGGRESSIVE;
				CLANG_CXX_LANGUAGE_STANDARD = "gnu++17";
				CLANG_ENABLE_MODULES = YES;
				CLANG_ENABLE_OBJC_ARC = YES;
				CLANG_ENABLE_OBJC_WEAK = YES;
				CLANG_WARN_BLOCK_CAPTURE_AUTORELEASING = YES;
				CLANG_WARN_BOOL_CONVERSION = YES;
				CLANG_WARN_COMMA = YES;
				CLANG_WARN_CONSTANT_CONVERSION = YES;
				CLANG_WARN_DEPRECATED_OBJC_IMPLEMENTATIONS = YES;
				CLANG_WARN_DIRECT_OBJC_ISA_USAGE = YES_ERROR;
				CLANG_WARN_DOCUMENTATION_COMMENTS = YES;
				CLANG_WARN_EMPTY_BODY = YES;
				CLANG_WARN_ENUM_CONVERSION = YES;
				CLANG_WARN_INFINITE_RECURSION = YES;
				CLANG_WARN_INT_CONVERSION = YES;
				CLANG_WARN_NON_LITERAL_NULL_CONVERSION = YES;
				CLANG_WARN_OBJC_IMPLICIT_RETAIN_SELF = YES;
				CLANG_WARN_OBJC_LITERAL_CONVERSION = YES;
				CLANG_WARN_OBJC_ROOT_CLASS = YES_ERROR;
				CLANG_WARN_QUOTED_INCLUDE_IN_FRAMEWORK_HEADER = YES;
				CLANG_WARN_RANGE_LOOP_ANALYSIS = YES;
				CLANG_WARN_STRICT_PROTOTYPES = YES;
				CLANG_WARN_SUSPICIOUS_MOVE = YES;
				CLANG_WARN_UNGUARDED_AVAILABILITY = YES_AGGRESSIVE;
				CLANG_WARN_UNREACHABLE_CODE = YES;
				CLANG_WARN__DUPLICATE_METHOD_MATCH = YES;
				COPY_PHASE_STRIP = NO;
				DEBUG_INFORMATION_FORMAT = dwarf;
				ENABLE_STRICT_OBJC_MSGSEND = YES;
				ENABLE_TESTABILITY = YES;
				GCC_C_LANGUAGE_STANDARD = gnu11;
				GCC_DYNAMIC_NO_PIC = NO;
				GCC_NO_COMMON_BLOCKS = YES;
				GCC_OPTIMIZATION_LEVEL = 0;
				GCC_PREPROCESSOR_DEFINITIONS = (
					"DEBUG=1",
					"$(inherited)",
				);
				GCC_WARN_64_TO_32_BIT_CONVERSION = YES;
				GCC_WARN_ABOUT_RETURN_TYPE = YES_ERROR;
				GCC_WARN_UNDECLARED_SELECTOR = YES;
				GCC_WARN_UNINITIALIZED_AUTOS = YES_AGGRESSIVE;
				GCC_WARN_UNUSED_FUNCTION = YES;
				GCC_WARN_UNUSED_VARIABLE = YES;
				IPHONEOS_DEPLOYMENT_TARGET = 15.5;
				MTL_ENABLE_DEBUG_INFO = INCLUDE_SOURCE;
				MTL_FAST_MATH = YES;
				ONLY_ACTIVE_ARCH = YES;
				SDKROOT = iphoneos;
				SWIFT_ACTIVE_COMPILATION_CONDITIONS = DEBUG;
				SWIFT_OPTIMIZATION_LEVEL = "-Onone";
			};
			name = Debug;
		};
		42F0BAD228464911004BAE4E /* Release */ = {
			isa = XCBuildConfiguration;
			buildSettings = {
				ALWAYS_SEARCH_USER_PATHS = NO;
				CLANG_ANALYZER_NONNULL = YES;
				CLANG_ANALYZER_NUMBER_OBJECT_CONVERSION = YES_AGGRESSIVE;
				CLANG_CXX_LANGUAGE_STANDARD = "gnu++17";
				CLANG_ENABLE_MODULES = YES;
				CLANG_ENABLE_OBJC_ARC = YES;
				CLANG_ENABLE_OBJC_WEAK = YES;
				CLANG_WARN_BLOCK_CAPTURE_AUTORELEASING = YES;
				CLANG_WARN_BOOL_CONVERSION = YES;
				CLANG_WARN_COMMA = YES;
				CLANG_WARN_CONSTANT_CONVERSION = YES;
				CLANG_WARN_DEPRECATED_OBJC_IMPLEMENTATIONS = YES;
				CLANG_WARN_DIRECT_OBJC_ISA_USAGE = YES_ERROR;
				CLANG_WARN_DOCUMENTATION_COMMENTS = YES;
				CLANG_WARN_EMPTY_BODY = YES;
				CLANG_WARN_ENUM_CONVERSION = YES;
				CLANG_WARN_INFINITE_RECURSION = YES;
				CLANG_WARN_INT_CONVERSION = YES;
				CLANG_WARN_NON_LITERAL_NULL_CONVERSION = YES;
				CLANG_WARN_OBJC_IMPLICIT_RETAIN_SELF = YES;
				CLANG_WARN_OBJC_LITERAL_CONVERSION = YES;
				CLANG_WARN_OBJC_ROOT_CLASS = YES_ERROR;
				CLANG_WARN_QUOTED_INCLUDE_IN_FRAMEWORK_HEADER = YES;
				CLANG_WARN_RANGE_LOOP_ANALYSIS = YES;
				CLANG_WARN_STRICT_PROTOTYPES = YES;
				CLANG_WARN_SUSPICIOUS_MOVE = YES;
				CLANG_WARN_UNGUARDED_AVAILABILITY = YES_AGGRESSIVE;
				CLANG_WARN_UNREACHABLE_CODE = YES;
				CLANG_WARN__DUPLICATE_METHOD_MATCH = YES;
				COPY_PHASE_STRIP = NO;
				DEBUG_INFORMATION_FORMAT = "dwarf-with-dsym";
				ENABLE_NS_ASSERTIONS = NO;
				ENABLE_STRICT_OBJC_MSGSEND = YES;
				GCC_C_LANGUAGE_STANDARD = gnu11;
				GCC_NO_COMMON_BLOCKS = YES;
				GCC_WARN_64_TO_32_BIT_CONVERSION = YES;
				GCC_WARN_ABOUT_RETURN_TYPE = YES_ERROR;
				GCC_WARN_UNDECLARED_SELECTOR = YES;
				GCC_WARN_UNINITIALIZED_AUTOS = YES_AGGRESSIVE;
				GCC_WARN_UNUSED_FUNCTION = YES;
				GCC_WARN_UNUSED_VARIABLE = YES;
				IPHONEOS_DEPLOYMENT_TARGET = 15.5;
				MTL_ENABLE_DEBUG_INFO = NO;
				MTL_FAST_MATH = YES;
				SDKROOT = iphoneos;
				SWIFT_COMPILATION_MODE = wholemodule;
				SWIFT_OPTIMIZATION_LEVEL = "-O";
				VALIDATE_PRODUCT = YES;
			};
			name = Release;
		};
		42F0BAD428464911004BAE4E /* Debug */ = {
			isa = XCBuildConfiguration;
			buildSettings = {
				ASSETCATALOG_COMPILER_APPICON_NAME = AppIcon;
				ASSETCATALOG_COMPILER_GLOBAL_ACCENT_COLOR_NAME = AccentColor;
				CODE_SIGN_STYLE = Automatic;
				CURRENT_PROJECT_VERSION = 1;
				DEVELOPMENT_ASSET_PATHS = "\"XCANews/Preview Content\"";
				DEVELOPMENT_TEAM = UHJFHS6M7R;
				ENABLE_PREVIEWS = YES;
				GENERATE_INFOPLIST_FILE = YES;
				INFOPLIST_KEY_UIApplicationSceneManifest_Generation = YES;
				INFOPLIST_KEY_UIApplicationSupportsIndirectInputEvents = YES;
				INFOPLIST_KEY_UILaunchScreen_Generation = YES;
				INFOPLIST_KEY_UISupportedInterfaceOrientations_iPad = "UIInterfaceOrientationPortrait UIInterfaceOrientationPortraitUpsideDown UIInterfaceOrientationLandscapeLeft UIInterfaceOrientationLandscapeRight";
				INFOPLIST_KEY_UISupportedInterfaceOrientations_iPhone = "UIInterfaceOrientationPortrait UIInterfaceOrientationLandscapeLeft UIInterfaceOrientationLandscapeRight";
				LD_RUNPATH_SEARCH_PATHS = (
					"$(inherited)",
					"@executable_path/Frameworks",
				);
				MARKETING_VERSION = 1.0;
				PRODUCT_BUNDLE_IDENTIFIER = com.rrybachenko.XCANews;
				PRODUCT_NAME = "$(TARGET_NAME)";
				SWIFT_EMIT_LOC_STRINGS = YES;
				SWIFT_VERSION = 5.0;
				TARGETED_DEVICE_FAMILY = "1,2";
			};
			name = Debug;
		};
		42F0BAD528464911004BAE4E /* Release */ = {
			isa = XCBuildConfiguration;
			buildSettings = {
				ASSETCATALOG_COMPILER_APPICON_NAME = AppIcon;
				ASSETCATALOG_COMPILER_GLOBAL_ACCENT_COLOR_NAME = AccentColor;
				CODE_SIGN_STYLE = Automatic;
				CURRENT_PROJECT_VERSION = 1;
				DEVELOPMENT_ASSET_PATHS = "\"XCANews/Preview Content\"";
				DEVELOPMENT_TEAM = UHJFHS6M7R;
				ENABLE_PREVIEWS = YES;
				GENERATE_INFOPLIST_FILE = YES;
				INFOPLIST_KEY_UIApplicationSceneManifest_Generation = YES;
				INFOPLIST_KEY_UIApplicationSupportsIndirectInputEvents = YES;
				INFOPLIST_KEY_UILaunchScreen_Generation = YES;
				INFOPLIST_KEY_UISupportedInterfaceOrientations_iPad = "UIInterfaceOrientationPortrait UIInterfaceOrientationPortraitUpsideDown UIInterfaceOrientationLandscapeLeft UIInterfaceOrientationLandscapeRight";
				INFOPLIST_KEY_UISupportedInterfaceOrientations_iPhone = "UIInterfaceOrientationPortrait UIInterfaceOrientationLandscapeLeft UIInterfaceOrientationLandscapeRight";
				LD_RUNPATH_SEARCH_PATHS = (
					"$(inherited)",
					"@executable_path/Frameworks",
				);
				MARKETING_VERSION = 1.0;
				PRODUCT_BUNDLE_IDENTIFIER = com.rrybachenko.XCANews;
				PRODUCT_NAME = "$(TARGET_NAME)";
				SWIFT_EMIT_LOC_STRINGS = YES;
				SWIFT_VERSION = 5.0;
				TARGETED_DEVICE_FAMILY = "1,2";
			};
			name = Release;
		};
/* End XCBuildConfiguration section */

/* Begin XCConfigurationList section */
		42F0BABB2846490F004BAE4E /* Build configuration list for PBXProject "XCANews" */ = {
			isa = XCConfigurationList;
			buildConfigurations = (
				42F0BAD128464911004BAE4E /* Debug */,
				42F0BAD228464911004BAE4E /* Release */,
			);
			defaultConfigurationIsVisible = 0;
			defaultConfigurationName = Release;
		};
		42F0BAD328464911004BAE4E /* Build configuration list for PBXNativeTarget "XCANews" */ = {
			isa = XCConfigurationList;
			buildConfigurations = (
				42F0BAD428464911004BAE4E /* Debug */,
				42F0BAD528464911004BAE4E /* Release */,
			);
			defaultConfigurationIsVisible = 0;
			defaultConfigurationName = Release;
		};
/* End XCConfigurationList section */

/* Begin XCRemoteSwiftPackageReference section */
		42119DD52850CBE200D361F7 /* XCRemoteSwiftPackageReference "SwiftyJSON" */ = {
			isa = XCRemoteSwiftPackageReference;
			repositoryURL = "https://github.com/SwiftyJSON/SwiftyJSON";
			requirement = {
				branch = master;
				kind = branch;
			};
		};
/* End XCRemoteSwiftPackageReference section */

/* Begin XCSwiftPackageProductDependency section */
		42119DD62850CBE200D361F7 /* SwiftyJSON */ = {
			isa = XCSwiftPackageProductDependency;
			package = 42119DD52850CBE200D361F7 /* XCRemoteSwiftPackageReference "SwiftyJSON" */;
			productName = SwiftyJSON;
		};
/* End XCSwiftPackageProductDependency section */
	};
	rootObject = 42F0BAB82846490F004BAE4E /* Project object */;
}
